// !$*UTF8*$!
{
	archiveVersion = 1;
	classes = {
	};
	objectVersion = 46;
	objects = {

/* Begin PBXBuildFile section */
		B65402F01A3A34FF00EA46AB /* main.m in Sources */ = {isa = PBXBuildFile; fileRef = B65402EF1A3A34FF00EA46AB /* main.m */; };
		B65402F31A3A34FF00EA46AB /* AppDelegate.m in Sources */ = {isa = PBXBuildFile; fileRef = B65402F21A3A34FF00EA46AB /* AppDelegate.m */; };
		B65402F61A3A34FF00EA46AB /* ViewController.m in Sources */ = {isa = PBXBuildFile; fileRef = B65402F51A3A34FF00EA46AB /* ViewController.m */; };
		B65402F91A3A34FF00EA46AB /* Main.storyboard in Resources */ = {isa = PBXBuildFile; fileRef = B65402F71A3A34FF00EA46AB /* Main.storyboard */; };
		B65402FB1A3A34FF00EA46AB /* Images.xcassets in Resources */ = {isa = PBXBuildFile; fileRef = B65402FA1A3A34FF00EA46AB /* Images.xcassets */; };
		B65402FE1A3A34FF00EA46AB /* LaunchScreen.xib in Resources */ = {isa = PBXBuildFile; fileRef = B65402FC1A3A34FF00EA46AB /* LaunchScreen.xib */; };
		B654030A1A3A350000EA46AB /* iTahDoodleTests.m in Sources */ = {isa = PBXBuildFile; fileRef = B65403091A3A350000EA46AB /* iTahDoodleTests.m */; };
/* End PBXBuildFile section */

/* Begin PBXContainerItemProxy section */
		B65403041A3A350000EA46AB /* PBXContainerItemProxy */ = {
			isa = PBXContainerItemProxy;
			containerPortal = B65402E21A3A34FF00EA46AB /* Project object */;
			proxyType = 1;
			remoteGlobalIDString = B65402E91A3A34FF00EA46AB;
			remoteInfo = iTahDoodle;
		};
/* End PBXContainerItemProxy section */

/* Begin PBXFileReference section */
		B65402EA1A3A34FF00EA46AB /* iTahDoodle.app */ = {isa = PBXFileReference; explicitFileType = wrapper.application; includeInIndex = 0; path = iTahDoodle.app; sourceTree = BUILT_PRODUCTS_DIR; };
		B65402EE1A3A34FF00EA46AB /* Info.plist */ = {isa = PBXFileReference; lastKnownFileType = text.plist.xml; path = Info.plist; sourceTree = "<group>"; };
		B65402EF1A3A34FF00EA46AB /* main.m */ = {isa = PBXFileReference; lastKnownFileType = sourcecode.c.objc; path = main.m; sourceTree = "<group>"; };
		B65402F11A3A34FF00EA46AB /* AppDelegate.h */ = {isa = PBXFileReference; lastKnownFileType = sourcecode.c.h; path = AppDelegate.h; sourceTree = "<group>"; };
		B65402F21A3A34FF00EA46AB /* AppDelegate.m */ = {isa = PBXFileReference; lastKnownFileType = sourcecode.c.objc; path = AppDelegate.m; sourceTree = "<group>"; };
		B65402F41A3A34FF00EA46AB /* ViewController.h */ = {isa = PBXFileReference; lastKnownFileType = sourcecode.c.h; path = ViewController.h; sourceTree = "<group>"; };
		B65402F51A3A34FF00EA46AB /* ViewController.m */ = {isa = PBXFileReference; lastKnownFileType = sourcecode.c.objc; path = ViewController.m; sourceTree = "<group>"; };
		B65402F81A3A34FF00EA46AB /* Base */ = {isa = PBXFileReference; lastKnownFileType = file.storyboard; name = Base; path = Base.lproj/Main.storyboard; sourceTree = "<group>"; };
		B65402FA1A3A34FF00EA46AB /* Images.xcassets */ = {isa = PBXFileReference; lastKnownFileType = folder.assetcatalog; path = Images.xcassets; sourceTree = "<group>"; };
		B65402FD1A3A34FF00EA46AB /* Base */ = {isa = PBXFileReference; lastKnownFileType = file.xib; name = Base; path = Base.lproj/LaunchScreen.xib; sourceTree = "<group>"; };
		B65403031A3A350000EA46AB /* iTahDoodleTests.xctest */ = {isa = PBXFileReference; explicitFileType = wrapper.cfbundle; includeInIndex = 0; path = iTahDoodleTests.xctest; sourceTree = BUILT_PRODUCTS_DIR; };
		B65403081A3A350000EA46AB /* Info.plist */ = {isa = PBXFileReference; lastKnownFileType = text.plist.xml; path = Info.plist; sourceTree = "<group>"; };
		B65403091A3A350000EA46AB /* iTahDoodleTests.m */ = {isa = PBXFileReference; lastKnownFileType = sourcecode.c.objc; path = iTahDoodleTests.m; sourceTree = "<group>"; };
/* End PBXFileReference section */

/* Begin PBXFrameworksBuildPhase section */
		B65402E71A3A34FF00EA46AB /* Frameworks */ = {
			isa = PBXFrameworksBuildPhase;
			buildActionMask = 2147483647;
			files = (
			);
			runOnlyForDeploymentPostprocessing = 0;
		};
		B65403001A3A350000EA46AB /* Frameworks */ = {
			isa = PBXFrameworksBuildPhase;
			buildActionMask = 2147483647;
			files = (
			);
			runOnlyForDeploymentPostprocessing = 0;
		};
/* End PBXFrameworksBuildPhase section */

/* Begin PBXGroup section */
		B65402E11A3A34FF00EA46AB = {
			isa = PBXGroup;
			children = (
				B65402EC1A3A34FF00EA46AB /* iTahDoodle */,
				B65403061A3A350000EA46AB /* iTahDoodleTests */,
				B65402EB1A3A34FF00EA46AB /* Products */,
			);
			sourceTree = "<group>";
		};
		B65402EB1A3A34FF00EA46AB /* Products */ = {
			isa = PBXGroup;
			children = (
				B65402EA1A3A34FF00EA46AB /* iTahDoodle.app */,
				B65403031A3A350000EA46AB /* iTahDoodleTests.xctest */,
			);
			name = Products;
			sourceTree = "<group>";
		};
		B65402EC1A3A34FF00EA46AB /* iTahDoodle */ = {
			isa = PBXGroup;
			children = (
				B65402F11A3A34FF00EA46AB /* AppDelegate.h */,
				B65402F21A3A34FF00EA46AB /* AppDelegate.m */,
				B65402F41A3A34FF00EA46AB /* ViewController.h */,
				B65402F51A3A34FF00EA46AB /* ViewController.m */,
				B65402F71A3A34FF00EA46AB /* Main.storyboard */,
				B65402FA1A3A34FF00EA46AB /* Images.xcassets */,
				B65402FC1A3A34FF00EA46AB /* LaunchScreen.xib */,
				B65402ED1A3A34FF00EA46AB /* Supporting Files */,
			);
			path = iTahDoodle;
			sourceTree = "<group>";
		};
		B65402ED1A3A34FF00EA46AB /* Supporting Files */ = {
			isa = PBXGroup;
			children = (
				B65402EE1A3A34FF00EA46AB /* Info.plist */,
				B65402EF1A3A34FF00EA46AB /* main.m */,
			);
			name = "Supporting Files";
			sourceTree = "<group>";
		};
		B65403061A3A350000EA46AB /* iTahDoodleTests */ = {
			isa = PBXGroup;
			children = (
				B65403091A3A350000EA46AB /* iTahDoodleTests.m */,
				B65403071A3A350000EA46AB /* Supporting Files */,
			);
			path = iTahDoodleTests;
			sourceTree = "<group>";
		};
		B65403071A3A350000EA46AB /* Supporting Files */ = {
			isa = PBXGroup;
			children = (
				B65403081A3A350000EA46AB /* Info.plist */,
			);
			name = "Supporting Files";
			sourceTree = "<group>";
		};
/* End PBXGroup section */

/* Begin PBXNativeTarget section */
		B65402E91A3A34FF00EA46AB /* iTahDoodle */ = {
			isa = PBXNativeTarget;
			buildConfigurationList = B654030D1A3A350000EA46AB /* Build configuration list for PBXNativeTarget "iTahDoodle" */;
			buildPhases = (
				B65402E61A3A34FF00EA46AB /* Sources */,
				B65402E71A3A34FF00EA46AB /* Frameworks */,
				B65402E81A3A34FF00EA46AB /* Resources */,
			);
			buildRules = (
			);
			dependencies = (
			);
			name = iTahDoodle;
			productName = iTahDoodle;
			productReference = B65402EA1A3A34FF00EA46AB /* iTahDoodle.app */;
			productType = "com.apple.product-type.application";
		};
		B65403021A3A350000EA46AB /* iTahDoodleTests */ = {
			isa = PBXNativeTarget;
			buildConfigurationList = B65403101A3A350000EA46AB /* Build configuration list for PBXNativeTarget "iTahDoodleTests" */;
			buildPhases = (
				B65402FF1A3A350000EA46AB /* Sources */,
				B65403001A3A350000EA46AB /* Frameworks */,
				B65403011A3A350000EA46AB /* Resources */,
			);
			buildRules = (
			);
			dependencies = (
				B65403051A3A350000EA46AB /* PBXTargetDependency */,
			);
			name = iTahDoodleTests;
			productName = iTahDoodleTests;
			productReference = B65403031A3A350000EA46AB /* iTahDoodleTests.xctest */;
			productType = "com.apple.product-type.bundle.unit-test";
		};
/* End PBXNativeTarget section */

/* Begin PBXProject section */
		B65402E21A3A34FF00EA46AB /* Project object */ = {
			isa = PBXProject;
			attributes = {
				LastUpgradeCheck = 0610;
				ORGANIZATIONNAME = "Big Nerd Ranch";
				TargetAttributes = {
					B65402E91A3A34FF00EA46AB = {
						CreatedOnToolsVersion = 6.1.1;
					};
					B65403021A3A350000EA46AB = {
						CreatedOnToolsVersion = 6.1.1;
						TestTargetID = B65402E91A3A34FF00EA46AB;
					};
				};
			};
			buildConfigurationList = B65402E51A3A34FF00EA46AB /* Build configuration list for PBXProject "iTahDoodle" */;
			compatibilityVersion = "Xcode 3.2";
			developmentRegion = English;
			hasScannedForEncodings = 0;
			knownRegions = (
				en,
				Base,
			);
			mainGroup = B65402E11A3A34FF00EA46AB;
			productRefGroup = B65402EB1A3A34FF00EA46AB /* Products */;
			projectDirPath = "";
			projectRoot = "";
			targets = (
				B65402E91A3A34FF00EA46AB /* iTahDoodle */,
				B65403021A3A350000EA46AB /* iTahDoodleTests */,
			);
		};
/* End PBXProject section */

/* Begin PBXResourcesBuildPhase section */
		B65402E81A3A34FF00EA46AB /* Resources */ = {
			isa = PBXResourcesBuildPhase;
			buildActionMask = 2147483647;
			files = (
				B65402F91A3A34FF00EA46AB /* Main.storyboard in Resources */,
				B65402FE1A3A34FF00EA46AB /* LaunchScreen.xib in Resources */,
				B65402FB1A3A34FF00EA46AB /* Images.xcassets in Resources */,
			);
			runOnlyForDeploymentPostprocessing = 0;
		};
		B65403011A3A350000EA46AB /* Resources */ = {
			isa = PBXResourcesBuildPhase;
			buildActionMask = 2147483647;
			files = (
			);
			runOnlyForDeploymentPostprocessing = 0;
		};
/* End PBXResourcesBuildPhase section */

/* Begin PBXSourcesBuildPhase section */
		B65402E61A3A34FF00EA46AB /* Sources */ = {
			isa = PBXSourcesBuildPhase;
			buildActionMask = 2147483647;
			files = (
				B65402F61A3A34FF00EA46AB /* ViewController.m in Sources */,
				B65402F31A3A34FF00EA46AB /* AppDelegate.m in Sources */,
				B65402F01A3A34FF00EA46AB /* main.m in Sources */,
			);
			runOnlyForDeploymentPostprocessing = 0;
		};
		B65402FF1A3A350000EA46AB /* Sources */ = {
			isa = PBXSourcesBuildPhase;
			buildActionMask = 2147483647;
			files = (
				B654030A1A3A350000EA46AB /* iTahDoodleTests.m in Sources */,
			);
			runOnlyForDeploymentPostprocessing = 0;
		};
/* End PBXSourcesBuildPhase section */

/* Begin PBXTargetDependency section */
		B65403051A3A350000EA46AB /* PBXTargetDependency */ = {
			isa = PBXTargetDependency;
			target = B65402E91A3A34FF00EA46AB /* iTahDoodle */;
			targetProxy = B65403041A3A350000EA46AB /* PBXContainerItemProxy */;
		};
/* End PBXTargetDependency section */

/* Begin PBXVariantGroup section */
		B65402F71A3A34FF00EA46AB /* Main.storyboard */ = {
			isa = PBXVariantGroup;
			children = (
				B65402F81A3A34FF00EA46AB /* Base */,
			);
			name = Main.storyboard;
			sourceTree = "<group>";
		};
		B65402FC1A3A34FF00EA46AB /* LaunchScreen.xib */ = {
			isa = PBXVariantGroup;
			children = (
				B65402FD1A3A34FF00EA46AB /* Base */,
			);
			name = LaunchScreen.xib;
			sourceTree = "<group>";
		};
/* End PBXVariantGroup section */

/* Begin XCBuildConfiguration section */
		B654030B1A3A350000EA46AB /* Debug */ = {
			isa = XCBuildConfiguration;
			buildSettings = {
				ALWAYS_SEARCH_USER_PATHS = NO;
				CLANG_CXX_LANGUAGE_STANDARD = "gnu++0x";
				CLANG_CXX_LIBRARY = "libc++";
				CLANG_ENABLE_MODULES = YES;
				CLANG_ENABLE_OBJC_ARC = YES;
				CLANG_WARN_BOOL_CONVERSION = YES;
				CLANG_WARN_CONSTANT_CONVERSION = YES;
				CLANG_WARN_DIRECT_OBJC_ISA_USAGE = YES_ERROR;
				CLANG_WARN_EMPTY_BODY = YES;
				CLANG_WARN_ENUM_CONVERSION = YES;
				CLANG_WARN_INT_CONVERSION = YES;
				CLANG_WARN_OBJC_ROOT_CLASS = YES_ERROR;
				CLANG_WARN_UNREACHABLE_CODE = YES;
				CLANG_WARN__DUPLICATE_METHOD_MATCH = YES;
				"CODE_SIGN_IDENTITY[sdk=iphoneos*]" = "iPhone Developer";
				COPY_PHASE_STRIP = NO;
				ENABLE_STRICT_OBJC_MSGSEND = YES;
				GCC_C_LANGUAGE_STANDARD = gnu99;
				GCC_DYNAMIC_NO_PIC = NO;
				GCC_OPTIMIZATION_LEVEL = 0;
				GCC_PREPROCESSOR_DEFINITIONS = (
					"DEBUG=1",
					"$(inherited)",
				);
				GCC_SYMBOLS_PRIVATE_EXTERN = NO;
				GCC_WARN_64_TO_32_BIT_CONVERSION = YES;
				GCC_WARN_ABOUT_RETURN_TYPE = YES_ERROR;
				GCC_WARN_UNDECLARED_SELECTOR = YES;
				GCC_WARN_UNINITIALIZED_AUTOS = YES_AGGRESSIVE;
				GCC_WARN_UNUSED_FUNCTION = YES;
				GCC_WARN_UNUSED_VARIABLE = YES;
				IPHONEOS_DEPLOYMENT_TARGET = 8.1;
				MTL_ENABLE_DEBUG_INFO = YES;
				ONLY_ACTIVE_ARCH = YES;
				SDKROOT = iphoneos;
			};
			name = Debug;
		};
		B654030C1A3A350000EA46AB /* Release */ = {
			isa = XCBuildConfiguration;
			buildSettings = {
				ALWAYS_SEARCH_USER_PATHS = NO;
				CLANG_CXX_LANGUAGE_STANDARD = "gnu++0x";
				CLANG_CXX_LIBRARY = "libc++";
				CLANG_ENABLE_MODULES = YES;
				CLANG_ENABLE_OBJC_ARC = YES;
				CLANG_WARN_BOOL_CONVERSION = YES;
				CLANG_WARN_CONSTANT_CONVERSION = YES;
				CLANG_WARN_DIRECT_OBJC_ISA_USAGE = YES_ERROR;
				CLANG_WARN_EMPTY_BODY = YES;
				CLANG_WARN_ENUM_CONVERSION = YES;
				CLANG_WARN_INT_CONVERSION = YES;
				CLANG_WARN_OBJC_ROOT_CLASS = YES_ERROR;
				CLANG_WARN_UNREACHABLE_CODE = YES;
				CLANG_WARN__DUPLICATE_METHOD_MATCH = YES;
				"CODE_SIGN_IDENTITY[sdk=iphoneos*]" = "iPhone Developer";
				COPY_PHASE_STRIP = YES;
				ENABLE_NS_ASSERTIONS = NO;
				ENABLE_STRICT_OBJC_MSGSEND = YES;
				GCC_C_LANGUAGE_STANDARD = gnu99;
				GCC_WARN_64_TO_32_BIT_CONVERSION = YES;
				GCC_WARN_ABOUT_RETURN_TYPE = YES_ERROR;
				GCC_WARN_UNDECLARED_SELECTOR = YES;
				GCC_WARN_UNINITIALIZED_AUTOS = YES_AGGRESSIVE;
				GCC_WARN_UNUSED_FUNCTION = YES;
				GCC_WARN_UNUSED_VARIABLE = YES;
				IPHONEOS_DEPLOYMENT_TARGET = 8.1;
				MTL_ENABLE_DEBUG_INFO = NO;
				SDKROOT = iphoneos;
				VALIDATE_PRODUCT = YES;
			};
			name = Release;
		};
		B654030E1A3A350000EA46AB /* Debug */ = {
			isa = XCBuildConfiguration;
			buildSettings = {
				ASSETCATALOG_COMPILER_APPICON_NAME = AppIcon;
				INFOPLIST_FILE = iTahDoodle/Info.plist;
				LD_RUNPATH_SEARCH_PATHS = "$(inherited) @executable_path/Frameworks";
				PRODUCT_NAME = "$(TARGET_NAME)";
			};
			name = Debug;
		};
		B654030F1A3A350000EA46AB /* Release */ = {
			isa = XCBuildConfiguration;
			buildSettings = {
				ASSETCATALOG_COMPILER_APPICON_NAME = AppIcon;
				INFOPLIST_FILE = iTahDoodle/Info.plist;
				LD_RUNPATH_SEARCH_PATHS = "$(inherited) @executable_path/Frameworks";
				PRODUCT_NAME = "$(TARGET_NAME)";
			};
			name = Release;
		};
		B65403111A3A350000EA46AB /* Debug */ = {
			isa = XCBuildConfiguration;
			buildSettings = {
				BUNDLE_LOADER = "$(TEST_HOST)";
				FRAMEWORK_SEARCH_PATHS = (
					"$(SDKROOT)/Developer/Library/Frameworks",
					"$(inherited)",
				);
				GCC_PREPROCESSOR_DEFINITIONS = (
					"DEBUG=1",
					"$(inherited)",
				);
				INFOPLIST_FILE = iTahDoodleTests/Info.plist;
				LD_RUNPATH_SEARCH_PATHS = "$(inherited) @executable_path/Frameworks @loader_path/Frameworks";
				PRODUCT_NAME = "$(TARGET_NAME)";
				TEST_HOST = "$(BUILT_PRODUCTS_DIR)/iTahDoodle.app/iTahDoodle";
			};
			name = Debug;
		};
		B65403121A3A350000EA46AB /* Release */ = {
			isa = XCBuildConfiguration;
			buildSettings = {
				BUNDLE_LOADER = "$(TEST_HOST)";
				FRAMEWORK_SEARCH_PATHS = (
					"$(SDKROOT)/Developer/Library/Frameworks",
					"$(inherited)",
				);
				INFOPLIST_FILE = iTahDoodleTests/Info.plist;
				LD_RUNPATH_SEARCH_PATHS = "$(inherited) @executable_path/Frameworks @loader_path/Frameworks";
				PRODUCT_NAME = "$(TARGET_NAME)";
				TEST_HOST = "$(BUILT_PRODUCTS_DIR)/iTahDoodle.app/iTahDoodle";
			};
			name = Release;
		};
/* End XCBuildConfiguration section */

/* Begin XCConfigurationList section */
		B65402E51A3A34FF00EA46AB /* Build configuration list for PBXProject "iTahDoodle" */ = {
			isa = XCConfigurationList;
			buildConfigurations = (
				B654030B1A3A350000EA46AB /* Debug */,
				B654030C1A3A350000EA46AB /* Release */,
			);
			defaultConfigurationIsVisible = 0;
			defaultConfigurationName = Release;
		};
		B654030D1A3A350000EA46AB /* Build configuration list for PBXNativeTarget "iTahDoodle" */ = {
			isa = XCConfigurationList;
			buildConfigurations = (
				B654030E1A3A350000EA46AB /* Debug */,
				B654030F1A3A350000EA46AB /* Release */,
			);
			defaultConfigurationIsVisible = 0;
		};
		B65403101A3A350000EA46AB /* Build configuration list for PBXNativeTarget "iTahDoodleTests" */ = {
			isa = XCConfigurationList;
			buildConfigurations = (
				B65403111A3A350000EA46AB /* Debug */,
				B65403121A3A350000EA46AB /* Release */,
			);
			defaultConfigurationIsVisible = 0;
		};
/* End XCConfigurationList section */
	};
	rootObject = B65402E21A3A34FF00EA46AB /* Project object */;
}
